{
    "_readme": [
        "This file locks the dependencies of your project to a known state",
        "Read more about it at https://getcomposer.org/doc/01-basic-usage.md#installing-dependencies",
        "This file is @generated automatically"
    ],
    "content-hash": "ab2a6cc987cb8c99c77d7a167747b5b4",
    "packages": [
        {
            "name": "medusa/functions",
            "version": "1.5.0",
            "source": {
                "type": "git",
                "url": "https://github.com/medusaphp/functions.git",
                "reference": "ee952cc3bbfabdd4547e3b2baa85cf5c768e28c7"
            },
            "dist": {
                "type": "zip",
                "url": "https://api.github.com/repos/medusaphp/functions/zipball/ee952cc3bbfabdd4547e3b2baa85cf5c768e28c7",
                "reference": "ee952cc3bbfabdd4547e3b2baa85cf5c768e28c7",
                "shasum": ""
            },
            "require": {
                "php": ">=7.4"
            },
            "type": "library",
            "autoload": {
                "files": [
                    "src/http_functions.php",
                    "src/common_functions.php",
                    "src/array_functions.php"
                ]
            },
            "notification-url": "https://packagist.org/downloads/",
            "license": [
                "MIT"
            ],
            "authors": [
                {
                    "name": "Pascal Schnell",
                    "email": "pascal.schnell@getmedusa.org"
                }
            ],
            "description": "functions",
            "support": {
                "issues": "https://github.com/medusaphp/functions/issues",
                "source": "https://github.com/medusaphp/functions/tree/1.5.0"
            },
            "time": "2022-02-11T11:55:09+00:00"
        }
    ],
    "packages-dev": [
        {
            "name": "medusa/dev-tools",
            "version": "1.0.9",
            "source": {
                "type": "git",
                "url": "https://github.com/medusaphp/dev-tools.git",
                "reference": "109c2d1b5495fdd660587447b8b327cf1227f69a"
            },
            "dist": {
                "type": "zip",
                "url": "https://api.github.com/repos/medusaphp/dev-tools/zipball/109c2d1b5495fdd660587447b8b327cf1227f69a",
                "reference": "109c2d1b5495fdd660587447b8b327cf1227f69a",
                "shasum": ""
            },
            "require": {
                "php": ">=7.4"
            },
            "type": "library",
            "autoload": {
                "files": [
                    "src/functions.php"
                ]
            },
            "notification-url": "https://packagist.org/downloads/",
            "license": [
                "MIT"
            ],
            "authors": [
                {
                    "name": "Pascal Schnell",
                    "email": "pascal.schnell@getmedusa.org"
                }
            ],
            "description": "Helper functions for debugging",
            "support": {
                "issues": "https://github.com/medusaphp/dev-tools/issues",
                "source": "https://github.com/medusaphp/dev-tools/tree/1.0.9"
            },
            "time": "2021-06-20T11:08:05+00:00"
        }
    ],
    "aliases": [],
    "minimum-stability": "stable",
    "stability-flags": [],
    "prefer-stable": false,
    "prefer-lowest": false,
    "platform": {
        "php": ">=8.0",
        "ext-json": "*"
    },
    "platform-dev": [],
    "plugin-api-version": "2.1.0"
}
